
Microsoft Visual Studio Solution File, Format Version 12.00
# Visual Studio Version 17
VisualStudioVersion = 17.3.32819.101
MinimumVisualStudioVersion = 10.0.40219.1
Project("{FAE04EC0-301F-11D3-BF4B-00C04F79EFBC}") = "Hierarchical_Structure", "Hierarchical_Structure\Hierarchical_Structure.csproj", "{79C5868F-038B-40B5-AFBE-F3FCDB46BF9F}"
EndProject
Project("{FAE04EC0-301F-11D3-BF4B-00C04F79EFBC}") = "Hierarchical_Structure.Tests", "Tests\Hierarchical_Structure.Tests.csproj", "{B89C153C-816C-43F6-BFC4-0035733A0ADD}"
EndProject
Global
	GlobalSection(SolutionConfigurationPlatforms) = preSolution
		Debug|Any CPU = Debug|Any CPU
		Release|Any CPU = Release|Any CPU
	EndGlobalSection
	GlobalSection(ProjectConfigurationPlatforms) = postSolution
		{79C5868F-038B-40B5-AFBE-F3FCDB46BF9F}.Debug|Any CPU.ActiveCfg = Debug|Any CPU
		{79C5868F-038B-40B5-AFBE-F3FCDB46BF9F}.Debug|Any CPU.Build.0 = Debug|Any CPU
		{79C5868F-038B-40B5-AFBE-F3FCDB46BF9F}.Release|Any CPU.ActiveCfg = Release|Any CPU
		{79C5868F-038B-40B5-AFBE-F3FCDB46BF9F}.Release|Any CPU.Build.0 = Release|Any CPU
		{B89C153C-816C-43F6-BFC4-0035733A0ADD}.Debug|Any CPU.ActiveCfg = Debug|Any CPU
		{B89C153C-816C-43F6-BFC4-0035733A0ADD}.Debug|Any CPU.Build.0 = Debug|Any CPU
		{B89C153C-816C-43F6-BFC4-0035733A0ADD}.Release|Any CPU.ActiveCfg = Release|Any CPU
		{B89C153C-816C-43F6-BFC4-0035733A0ADD}.Release|Any CPU.Build.0 = Release|Any CPU
	EndGlobalSection
	GlobalSection(SolutionProperties) = preSolution
		HideSolutionNode = FALSE
	EndGlobalSection
	GlobalSection(ExtensibilityGlobals) = postSolution
		SolutionGuid = {6C20E485-889D-4AE2-BBA7-F20EC054DAE0}
	EndGlobalSection
EndGlobal
